// !$*UTF8*$!
{
	archiveVersion = 1;
	classes = {
	};
	objectVersion = 46;
	objects = {

/* Begin PBXBuildFile section */
		2A48D3981DD99B4600EE6F1A /* Score.swift in Sources */ = {isa = PBXBuildFile; fileRef = 2A48D3971DD99B4600EE6F1A /* Score.swift */; };
		2A48D39A1DD9A76600EE6F1A /* Leaderboard.swift in Sources */ = {isa = PBXBuildFile; fileRef = 2A48D3991DD9A76600EE6F1A /* Leaderboard.swift */; };
		2A48D3A11DD9EB1F00EE6F1A /* Math.swift in Sources */ = {isa = PBXBuildFile; fileRef = 2A48D3A01DD9EB1F00EE6F1A /* Math.swift */; };
		2A48D3A31DD9F31200EE6F1A /* LeaderboardViewController.swift in Sources */ = {isa = PBXBuildFile; fileRef = 2A48D3A21DD9F31200EE6F1A /* LeaderboardViewController.swift */; };
		2A806A091DD7885B0050D76E /* Snek.swift in Sources */ = {isa = PBXBuildFile; fileRef = 2A806A081DD7885B0050D76E /* Snek.swift */; };
		2A806A0B1DD7887A0050D76E /* World.swift in Sources */ = {isa = PBXBuildFile; fileRef = 2A806A0A1DD7887A0050D76E /* World.swift */; };
		2A806A0D1DD7888A0050D76E /* Point.swift in Sources */ = {isa = PBXBuildFile; fileRef = 2A806A0C1DD7888A0050D76E /* Point.swift */; };
		2A806A0F1DD788A20050D76E /* Direction.swift in Sources */ = {isa = PBXBuildFile; fileRef = 2A806A0E1DD788A20050D76E /* Direction.swift */; };
		2A806A111DD794350050D76E /* SnekView.swift in Sources */ = {isa = PBXBuildFile; fileRef = 2A806A101DD794350050D76E /* SnekView.swift */; };
		2A806A131DD794430050D76E /* SnekViewDelegate.swift in Sources */ = {isa = PBXBuildFile; fileRef = 2A806A121DD794430050D76E /* SnekViewDelegate.swift */; };
		2A909E351DD8FDD600A2196C /* GameState.swift in Sources */ = {isa = PBXBuildFile; fileRef = 2A909E341DD8FDD600A2196C /* GameState.swift */; };
		2ACCE43F1DD784BA0092FFD8 /* AppDelegate.swift in Sources */ = {isa = PBXBuildFile; fileRef = 2ACCE43E1DD784BA0092FFD8 /* AppDelegate.swift */; };
		2ACCE4411DD784BA0092FFD8 /* GameViewController.swift in Sources */ = {isa = PBXBuildFile; fileRef = 2ACCE4401DD784BA0092FFD8 /* GameViewController.swift */; };
		2ACCE4441DD784BA0092FFD8 /* Main.storyboard in Resources */ = {isa = PBXBuildFile; fileRef = 2ACCE4421DD784BA0092FFD8 /* Main.storyboard */; };
		2ACCE4461DD784BA0092FFD8 /* Assets.xcassets in Resources */ = {isa = PBXBuildFile; fileRef = 2ACCE4451DD784BA0092FFD8 /* Assets.xcassets */; };
		2ACCE4491DD784BA0092FFD8 /* LaunchScreen.storyboard in Resources */ = {isa = PBXBuildFile; fileRef = 2ACCE4471DD784BA0092FFD8 /* LaunchScreen.storyboard */; };
		2ACCE4541DD784BA0092FFD8 /* SnekTests.swift in Sources */ = {isa = PBXBuildFile; fileRef = 2ACCE4531DD784BA0092FFD8 /* SnekTests.swift */; };
/* End PBXBuildFile section */

/* Begin PBXContainerItemProxy section */
		2ACCE4501DD784BA0092FFD8 /* PBXContainerItemProxy */ = {
			isa = PBXContainerItemProxy;
			containerPortal = 2ACCE4331DD784BA0092FFD8 /* Project object */;
			proxyType = 1;
			remoteGlobalIDString = 2ACCE43A1DD784BA0092FFD8;
			remoteInfo = Snek;
		};
/* End PBXContainerItemProxy section */

/* Begin PBXFileReference section */
		2A48D3971DD99B4600EE6F1A /* Score.swift */ = {isa = PBXFileReference; fileEncoding = 4; lastKnownFileType = sourcecode.swift; path = Score.swift; sourceTree = "<group>"; };
		2A48D3991DD9A76600EE6F1A /* Leaderboard.swift */ = {isa = PBXFileReference; fileEncoding = 4; lastKnownFileType = sourcecode.swift; path = Leaderboard.swift; sourceTree = "<group>"; };
		2A48D3A01DD9EB1F00EE6F1A /* Math.swift */ = {isa = PBXFileReference; fileEncoding = 4; lastKnownFileType = sourcecode.swift; path = Math.swift; sourceTree = "<group>"; };
		2A48D3A21DD9F31200EE6F1A /* LeaderboardViewController.swift */ = {isa = PBXFileReference; fileEncoding = 4; lastKnownFileType = sourcecode.swift; path = LeaderboardViewController.swift; sourceTree = "<group>"; };
		2A806A081DD7885B0050D76E /* Snek.swift */ = {isa = PBXFileReference; fileEncoding = 4; lastKnownFileType = sourcecode.swift; path = Snek.swift; sourceTree = "<group>"; };
		2A806A0A1DD7887A0050D76E /* World.swift */ = {isa = PBXFileReference; fileEncoding = 4; lastKnownFileType = sourcecode.swift; path = World.swift; sourceTree = "<group>"; };
		2A806A0C1DD7888A0050D76E /* Point.swift */ = {isa = PBXFileReference; fileEncoding = 4; lastKnownFileType = sourcecode.swift; path = Point.swift; sourceTree = "<group>"; };
		2A806A0E1DD788A20050D76E /* Direction.swift */ = {isa = PBXFileReference; fileEncoding = 4; lastKnownFileType = sourcecode.swift; path = Direction.swift; sourceTree = "<group>"; };
		2A806A101DD794350050D76E /* SnekView.swift */ = {isa = PBXFileReference; fileEncoding = 4; lastKnownFileType = sourcecode.swift; path = SnekView.swift; sourceTree = "<group>"; };
		2A806A121DD794430050D76E /* SnekViewDelegate.swift */ = {isa = PBXFileReference; fileEncoding = 4; lastKnownFileType = sourcecode.swift; path = SnekViewDelegate.swift; sourceTree = "<group>"; };
		2A909E341DD8FDD600A2196C /* GameState.swift */ = {isa = PBXFileReference; fileEncoding = 4; lastKnownFileType = sourcecode.swift; path = GameState.swift; sourceTree = "<group>"; };
		2ACCE43B1DD784BA0092FFD8 /* Snek.app */ = {isa = PBXFileReference; explicitFileType = wrapper.application; includeInIndex = 0; path = Snek.app; sourceTree = BUILT_PRODUCTS_DIR; };
		2ACCE43E1DD784BA0092FFD8 /* AppDelegate.swift */ = {isa = PBXFileReference; lastKnownFileType = sourcecode.swift; path = AppDelegate.swift; sourceTree = "<group>"; };
		2ACCE4401DD784BA0092FFD8 /* GameViewController.swift */ = {isa = PBXFileReference; lastKnownFileType = sourcecode.swift; path = GameViewController.swift; sourceTree = "<group>"; };
		2ACCE4431DD784BA0092FFD8 /* Base */ = {isa = PBXFileReference; lastKnownFileType = file.storyboard; name = Base; path = Base.lproj/Main.storyboard; sourceTree = "<group>"; };
		2ACCE4451DD784BA0092FFD8 /* Assets.xcassets */ = {isa = PBXFileReference; lastKnownFileType = folder.assetcatalog; path = Assets.xcassets; sourceTree = "<group>"; };
		2ACCE4481DD784BA0092FFD8 /* Base */ = {isa = PBXFileReference; lastKnownFileType = file.storyboard; name = Base; path = Base.lproj/LaunchScreen.storyboard; sourceTree = "<group>"; };
		2ACCE44A1DD784BA0092FFD8 /* Info.plist */ = {isa = PBXFileReference; lastKnownFileType = text.plist.xml; path = Info.plist; sourceTree = "<group>"; };
		2ACCE44F1DD784BA0092FFD8 /* SnekTests.xctest */ = {isa = PBXFileReference; explicitFileType = wrapper.cfbundle; includeInIndex = 0; path = SnekTests.xctest; sourceTree = BUILT_PRODUCTS_DIR; };
		2ACCE4531DD784BA0092FFD8 /* SnekTests.swift */ = {isa = PBXFileReference; lastKnownFileType = sourcecode.swift; path = SnekTests.swift; sourceTree = "<group>"; };
		2ACCE4551DD784BA0092FFD8 /* Info.plist */ = {isa = PBXFileReference; lastKnownFileType = text.plist.xml; path = Info.plist; sourceTree = "<group>"; };
/* End PBXFileReference section */

/* Begin PBXFrameworksBuildPhase section */
		2ACCE4381DD784BA0092FFD8 /* Frameworks */ = {
			isa = PBXFrameworksBuildPhase;
			buildActionMask = 2147483647;
			files = (
			);
			runOnlyForDeploymentPostprocessing = 0;
		};
		2ACCE44C1DD784BA0092FFD8 /* Frameworks */ = {
			isa = PBXFrameworksBuildPhase;
			buildActionMask = 2147483647;
			files = (
			);
			runOnlyForDeploymentPostprocessing = 0;
		};
/* End PBXFrameworksBuildPhase section */

/* Begin PBXGroup section */
		2A48D39C1DD9A9E900EE6F1A /* Score */ = {
			isa = PBXGroup;
			children = (
				2A48D3991DD9A76600EE6F1A /* Leaderboard.swift */,
				2A48D3971DD99B4600EE6F1A /* Score.swift */,
			);
			name = Score;
			sourceTree = "<group>";
		};
		2A48D39D1DD9BAEB00EE6F1A /* Game Items */ = {
			isa = PBXGroup;
			children = (
				2A909E341DD8FDD600A2196C /* GameState.swift */,
				2A806A081DD7885B0050D76E /* Snek.swift */,
				2A806A0A1DD7887A0050D76E /* World.swift */,
				2A806A0C1DD7888A0050D76E /* Point.swift */,
				2A806A0E1DD788A20050D76E /* Direction.swift */,
			);
			name = "Game Items";
			sourceTree = "<group>";
		};
		2A48D39E1DD9BB0D00EE6F1A /* Graphics */ = {
			isa = PBXGroup;
			children = (
				2A806A101DD794350050D76E /* SnekView.swift */,
				2A806A121DD794430050D76E /* SnekViewDelegate.swift */,
			);
			name = Graphics;
			sourceTree = "<group>";
		};
		2A48D39F1DD9EB0E00EE6F1A /* Math */ = {
			isa = PBXGroup;
			children = (
				2A48D3A01DD9EB1F00EE6F1A /* Math.swift */,
			);
			name = Math;
			sourceTree = "<group>";
		};
		2ACCE4321DD784BA0092FFD8 = {
			isa = PBXGroup;
			children = (
				2ACCE43D1DD784BA0092FFD8 /* Snek */,
				2ACCE4521DD784BA0092FFD8 /* SnekTests */,
				2ACCE43C1DD784BA0092FFD8 /* Products */,
			);
			sourceTree = "<group>";
		};
		2ACCE43C1DD784BA0092FFD8 /* Products */ = {
			isa = PBXGroup;
			children = (
				2ACCE43B1DD784BA0092FFD8 /* Snek.app */,
				2ACCE44F1DD784BA0092FFD8 /* SnekTests.xctest */,
			);
			name = Products;
			sourceTree = "<group>";
		};
		2ACCE43D1DD784BA0092FFD8 /* Snek */ = {
			isa = PBXGroup;
			children = (
				2A48D39F1DD9EB0E00EE6F1A /* Math */,
				2A48D39E1DD9BB0D00EE6F1A /* Graphics */,
				2A48D39D1DD9BAEB00EE6F1A /* Game Items */,
				2ACCE43E1DD784BA0092FFD8 /* AppDelegate.swift */,
				2ACCE4401DD784BA0092FFD8 /* GameViewController.swift */,
				2A48D39C1DD9A9E900EE6F1A /* Score */,
				2ACCE4421DD784BA0092FFD8 /* Main.storyboard */,
				2ACCE4451DD784BA0092FFD8 /* Assets.xcassets */,
				2ACCE4471DD784BA0092FFD8 /* LaunchScreen.storyboard */,
				2ACCE44A1DD784BA0092FFD8 /* Info.plist */,
				2A48D3A21DD9F31200EE6F1A /* LeaderboardViewController.swift */,
			);
			path = Snek;
			sourceTree = "<group>";
		};
		2ACCE4521DD784BA0092FFD8 /* SnekTests */ = {
			isa = PBXGroup;
			children = (
				2ACCE4531DD784BA0092FFD8 /* SnekTests.swift */,
				2ACCE4551DD784BA0092FFD8 /* Info.plist */,
			);
			path = SnekTests;
			sourceTree = "<group>";
		};
/* End PBXGroup section */

/* Begin PBXNativeTarget section */
		2ACCE43A1DD784BA0092FFD8 /* Snek */ = {
			isa = PBXNativeTarget;
			buildConfigurationList = 2ACCE4581DD784BA0092FFD8 /* Build configuration list for PBXNativeTarget "Snek" */;
			buildPhases = (
				2ACCE4371DD784BA0092FFD8 /* Sources */,
				2ACCE4381DD784BA0092FFD8 /* Frameworks */,
				2ACCE4391DD784BA0092FFD8 /* Resources */,
			);
			buildRules = (
			);
			dependencies = (
			);
			name = Snek;
			productName = Snek;
			productReference = 2ACCE43B1DD784BA0092FFD8 /* Snek.app */;
			productType = "com.apple.product-type.application";
		};
		2ACCE44E1DD784BA0092FFD8 /* SnekTests */ = {
			isa = PBXNativeTarget;
			buildConfigurationList = 2ACCE45B1DD784BA0092FFD8 /* Build configuration list for PBXNativeTarget "SnekTests" */;
			buildPhases = (
				2ACCE44B1DD784BA0092FFD8 /* Sources */,
				2ACCE44C1DD784BA0092FFD8 /* Frameworks */,
				2ACCE44D1DD784BA0092FFD8 /* Resources */,
			);
			buildRules = (
			);
			dependencies = (
				2ACCE4511DD784BA0092FFD8 /* PBXTargetDependency */,
			);
			name = SnekTests;
			productName = SnekTests;
			productReference = 2ACCE44F1DD784BA0092FFD8 /* SnekTests.xctest */;
			productType = "com.apple.product-type.bundle.unit-test";
		};
/* End PBXNativeTarget section */

/* Begin PBXProject section */
		2ACCE4331DD784BA0092FFD8 /* Project object */ = {
			isa = PBXProject;
			attributes = {
				LastSwiftUpdateCheck = 0810;
				LastUpgradeCheck = 0810;
				ORGANIZATIONNAME = "Luigi Sansonetti";
				TargetAttributes = {
					2ACCE43A1DD784BA0092FFD8 = {
						CreatedOnToolsVersion = 8.1;
						DevelopmentTeam = 6EQCAPN4X2;
						ProvisioningStyle = Automatic;
					};
					2ACCE44E1DD784BA0092FFD8 = {
						CreatedOnToolsVersion = 8.1;
						DevelopmentTeam = 6EQCAPN4X2;
						ProvisioningStyle = Automatic;
						TestTargetID = 2ACCE43A1DD784BA0092FFD8;
					};
				};
			};
			buildConfigurationList = 2ACCE4361DD784BA0092FFD8 /* Build configuration list for PBXProject "Snek" */;
			compatibilityVersion = "Xcode 3.2";
			developmentRegion = English;
			hasScannedForEncodings = 0;
			knownRegions = (
				en,
				Base,
			);
			mainGroup = 2ACCE4321DD784BA0092FFD8;
			productRefGroup = 2ACCE43C1DD784BA0092FFD8 /* Products */;
			projectDirPath = "";
			projectRoot = "";
			targets = (
				2ACCE43A1DD784BA0092FFD8 /* Snek */,
				2ACCE44E1DD784BA0092FFD8 /* SnekTests */,
			);
		};
/* End PBXProject section */

/* Begin PBXResourcesBuildPhase section */
		2ACCE4391DD784BA0092FFD8 /* Resources */ = {
			isa = PBXResourcesBuildPhase;
			buildActionMask = 2147483647;
			files = (
				2ACCE4491DD784BA0092FFD8 /* LaunchScreen.storyboard in Resources */,
				2ACCE4461DD784BA0092FFD8 /* Assets.xcassets in Resources */,
				2ACCE4441DD784BA0092FFD8 /* Main.storyboard in Resources */,
			);
			runOnlyForDeploymentPostprocessing = 0;
		};
		2ACCE44D1DD784BA0092FFD8 /* Resources */ = {
			isa = PBXResourcesBuildPhase;
			buildActionMask = 2147483647;
			files = (
			);
			runOnlyForDeploymentPostprocessing = 0;
		};
/* End PBXResourcesBuildPhase section */

/* Begin PBXSourcesBuildPhase section */
		2ACCE4371DD784BA0092FFD8 /* Sources */ = {
			isa = PBXSourcesBuildPhase;
			buildActionMask = 2147483647;
			files = (
				2A806A131DD794430050D76E /* SnekViewDelegate.swift in Sources */,
				2ACCE4411DD784BA0092FFD8 /* GameViewController.swift in Sources */,
				2A48D3A31DD9F31200EE6F1A /* LeaderboardViewController.swift in Sources */,
				2A48D39A1DD9A76600EE6F1A /* Leaderboard.swift in Sources */,
				2A806A111DD794350050D76E /* SnekView.swift in Sources */,
				2A806A0D1DD7888A0050D76E /* Point.swift in Sources */,
				2A48D3981DD99B4600EE6F1A /* Score.swift in Sources */,
				2ACCE43F1DD784BA0092FFD8 /* AppDelegate.swift in Sources */,
				2A48D3A11DD9EB1F00EE6F1A /* Math.swift in Sources */,
				2A806A0B1DD7887A0050D76E /* World.swift in Sources */,
				2A806A091DD7885B0050D76E /* Snek.swift in Sources */,
				2A909E351DD8FDD600A2196C /* GameState.swift in Sources */,
				2A806A0F1DD788A20050D76E /* Direction.swift in Sources */,
			);
			runOnlyForDeploymentPostprocessing = 0;
		};
		2ACCE44B1DD784BA0092FFD8 /* Sources */ = {
			isa = PBXSourcesBuildPhase;
			buildActionMask = 2147483647;
			files = (
				2ACCE4541DD784BA0092FFD8 /* SnekTests.swift in Sources */,
			);
			runOnlyForDeploymentPostprocessing = 0;
		};
/* End PBXSourcesBuildPhase section */

/* Begin PBXTargetDependency section */
		2ACCE4511DD784BA0092FFD8 /* PBXTargetDependency */ = {
			isa = PBXTargetDependency;
			target = 2ACCE43A1DD784BA0092FFD8 /* Snek */;
			targetProxy = 2ACCE4501DD784BA0092FFD8 /* PBXContainerItemProxy */;
		};
/* End PBXTargetDependency section */

/* Begin PBXVariantGroup section */
		2ACCE4421DD784BA0092FFD8 /* Main.storyboard */ = {
			isa = PBXVariantGroup;
			children = (
				2ACCE4431DD784BA0092FFD8 /* Base */,
			);
			name = Main.storyboard;
			sourceTree = "<group>";
		};
		2ACCE4471DD784BA0092FFD8 /* LaunchScreen.storyboard */ = {
			isa = PBXVariantGroup;
			children = (
				2ACCE4481DD784BA0092FFD8 /* Base */,
			);
			name = LaunchScreen.storyboard;
			sourceTree = "<group>";
		};
/* End PBXVariantGroup section */

/* Begin XCBuildConfiguration section */
		2ACCE4561DD784BA0092FFD8 /* Debug */ = {
			isa = XCBuildConfiguration;
			buildSettings = {
				ALWAYS_SEARCH_USER_PATHS = NO;
				CLANG_ANALYZER_NONNULL = YES;
				CLANG_CXX_LANGUAGE_STANDARD = "gnu++0x";
				CLANG_CXX_LIBRARY = "libc++";
				CLANG_ENABLE_MODULES = YES;
				CLANG_ENABLE_OBJC_ARC = YES;
				CLANG_WARN_BOOL_CONVERSION = YES;
				CLANG_WARN_CONSTANT_CONVERSION = YES;
				CLANG_WARN_DIRECT_OBJC_ISA_USAGE = YES_ERROR;
				CLANG_WARN_DOCUMENTATION_COMMENTS = YES;
				CLANG_WARN_EMPTY_BODY = YES;
				CLANG_WARN_ENUM_CONVERSION = YES;
				CLANG_WARN_INFINITE_RECURSION = YES;
				CLANG_WARN_INT_CONVERSION = YES;
				CLANG_WARN_OBJC_ROOT_CLASS = YES_ERROR;
				CLANG_WARN_SUSPICIOUS_MOVES = YES;
				CLANG_WARN_UNREACHABLE_CODE = YES;
				CLANG_WARN__DUPLICATE_METHOD_MATCH = YES;
				"CODE_SIGN_IDENTITY[sdk=iphoneos*]" = "iPhone Developer";
				COPY_PHASE_STRIP = NO;
				DEBUG_INFORMATION_FORMAT = dwarf;
				ENABLE_STRICT_OBJC_MSGSEND = YES;
				ENABLE_TESTABILITY = YES;
				GCC_C_LANGUAGE_STANDARD = gnu99;
				GCC_DYNAMIC_NO_PIC = NO;
				GCC_NO_COMMON_BLOCKS = YES;
				GCC_OPTIMIZATION_LEVEL = 0;
				GCC_PREPROCESSOR_DEFINITIONS = (
					"DEBUG=1",
					"$(inherited)",
				);
				GCC_WARN_64_TO_32_BIT_CONVERSION = YES;
				GCC_WARN_ABOUT_RETURN_TYPE = YES_ERROR;
				GCC_WARN_UNDECLARED_SELECTOR = YES;
				GCC_WARN_UNINITIALIZED_AUTOS = YES_AGGRESSIVE;
				GCC_WARN_UNUSED_FUNCTION = YES;
				GCC_WARN_UNUSED_VARIABLE = YES;
				IPHONEOS_DEPLOYMENT_TARGET = 10.1;
				MTL_ENABLE_DEBUG_INFO = YES;
				ONLY_ACTIVE_ARCH = YES;
				SDKROOT = iphoneos;
				SWIFT_ACTIVE_COMPILATION_CONDITIONS = DEBUG;
				SWIFT_OPTIMIZATION_LEVEL = "-Onone";
				TARGETED_DEVICE_FAMILY = "1,2";
			};
			name = Debug;
		};
		2ACCE4571DD784BA0092FFD8 /* Release */ = {
			isa = XCBuildConfiguration;
			buildSettings = {
				ALWAYS_SEARCH_USER_PATHS = NO;
				CLANG_ANALYZER_NONNULL = YES;
				CLANG_CXX_LANGUAGE_STANDARD = "gnu++0x";
				CLANG_CXX_LIBRARY = "libc++";
				CLANG_ENABLE_MODULES = YES;
				CLANG_ENABLE_OBJC_ARC = YES;
				CLANG_WARN_BOOL_CONVERSION = YES;
				CLANG_WARN_CONSTANT_CONVERSION = YES;
				CLANG_WARN_DIRECT_OBJC_ISA_USAGE = YES_ERROR;
				CLANG_WARN_DOCUMENTATION_COMMENTS = YES;
				CLANG_WARN_EMPTY_BODY = YES;
				CLANG_WARN_ENUM_CONVERSION = YES;
				CLANG_WARN_INFINITE_RECURSION = YES;
				CLANG_WARN_INT_CONVERSION = YES;
				CLANG_WARN_OBJC_ROOT_CLASS = YES_ERROR;
				CLANG_WARN_SUSPICIOUS_MOVES = YES;
				CLANG_WARN_UNREACHABLE_CODE = YES;
				CLANG_WARN__DUPLICATE_METHOD_MATCH = YES;
				"CODE_SIGN_IDENTITY[sdk=iphoneos*]" = "iPhone Developer";
				COPY_PHASE_STRIP = NO;
				DEBUG_INFORMATION_FORMAT = "dwarf-with-dsym";
				ENABLE_NS_ASSERTIONS = NO;
				ENABLE_STRICT_OBJC_MSGSEND = YES;
				GCC_C_LANGUAGE_STANDARD = gnu99;
				GCC_NO_COMMON_BLOCKS = YES;
				GCC_WARN_64_TO_32_BIT_CONVERSION = YES;
				GCC_WARN_ABOUT_RETURN_TYPE = YES_ERROR;
				GCC_WARN_UNDECLARED_SELECTOR = YES;
				GCC_WARN_UNINITIALIZED_AUTOS = YES_AGGRESSIVE;
				GCC_WARN_UNUSED_FUNCTION = YES;
				GCC_WARN_UNUSED_VARIABLE = YES;
				IPHONEOS_DEPLOYMENT_TARGET = 10.1;
				MTL_ENABLE_DEBUG_INFO = NO;
				SDKROOT = iphoneos;
				SWIFT_OPTIMIZATION_LEVEL = "-Owholemodule";
				TARGETED_DEVICE_FAMILY = "1,2";
				VALIDATE_PRODUCT = YES;
			};
			name = Release;
		};
		2ACCE4591DD784BA0092FFD8 /* Debug */ = {
			isa = XCBuildConfiguration;
			buildSettings = {
				ASSETCATALOG_COMPILER_APPICON_NAME = AppIcon;
				DEVELOPMENT_TEAM = 6EQCAPN4X2;
				INFOPLIST_FILE = Snek/Info.plist;
				LD_RUNPATH_SEARCH_PATHS = "$(inherited) @executable_path/Frameworks";
				PRODUCT_BUNDLE_IDENTIFIER = ch.luigi.Snek;
				PRODUCT_NAME = "$(TARGET_NAME)";
				SWIFT_VERSION = 3.0;
			};
			name = Debug;
		};
		2ACCE45A1DD784BA0092FFD8 /* Release */ = {
			isa = XCBuildConfiguration;
			buildSettings = {
				ASSETCATALOG_COMPILER_APPICON_NAME = AppIcon;
				DEVELOPMENT_TEAM = 6EQCAPN4X2;
				INFOPLIST_FILE = Snek/Info.plist;
				LD_RUNPATH_SEARCH_PATHS = "$(inherited) @executable_path/Frameworks";
				PRODUCT_BUNDLE_IDENTIFIER = ch.luigi.Snek;
				PRODUCT_NAME = "$(TARGET_NAME)";
				SWIFT_VERSION = 3.0;
			};
			name = Release;
		};
		2ACCE45C1DD784BA0092FFD8 /* Debug */ = {
			isa = XCBuildConfiguration;
			buildSettings = {
				ALWAYS_EMBED_SWIFT_STANDARD_LIBRARIES = YES;
				BUNDLE_LOADER = "$(TEST_HOST)";
				DEVELOPMENT_TEAM = 6EQCAPN4X2;
				INFOPLIST_FILE = SnekTests/Info.plist;
				LD_RUNPATH_SEARCH_PATHS = "$(inherited) @executable_path/Frameworks @loader_path/Frameworks";
				PRODUCT_BUNDLE_IDENTIFIER = ch.luigi.SnekTests;
				PRODUCT_NAME = "$(TARGET_NAME)";
				SWIFT_VERSION = 3.0;
				TEST_HOST = "$(BUILT_PRODUCTS_DIR)/Snek.app/Snek";
			};
			name = Debug;
		};
		2ACCE45D1DD784BA0092FFD8 /* Release */ = {
			isa = XCBuildConfiguration;
			buildSettings = {
				ALWAYS_EMBED_SWIFT_STANDARD_LIBRARIES = YES;
				BUNDLE_LOADER = "$(TEST_HOST)";
				DEVELOPMENT_TEAM = 6EQCAPN4X2;
				INFOPLIST_FILE = SnekTests/Info.plist;
				LD_RUNPATH_SEARCH_PATHS = "$(inherited) @executable_path/Frameworks @loader_path/Frameworks";
				PRODUCT_BUNDLE_IDENTIFIER = ch.luigi.SnekTests;
				PRODUCT_NAME = "$(TARGET_NAME)";
				SWIFT_VERSION = 3.0;
				TEST_HOST = "$(BUILT_PRODUCTS_DIR)/Snek.app/Snek";
			};
			name = Release;
		};
/* End XCBuildConfiguration section */

/* Begin XCConfigurationList section */
		2ACCE4361DD784BA0092FFD8 /* Build configuration list for PBXProject "Snek" */ = {
			isa = XCConfigurationList;
			buildConfigurations = (
				2ACCE4561DD784BA0092FFD8 /* Debug */,
				2ACCE4571DD784BA0092FFD8 /* Release */,
			);
			defaultConfigurationIsVisible = 0;
			defaultConfigurationName = Release;
		};
		2ACCE4581DD784BA0092FFD8 /* Build configuration list for PBXNativeTarget "Snek" */ = {
			isa = XCConfigurationList;
			buildConfigurations = (
				2ACCE4591DD784BA0092FFD8 /* Debug */,
				2ACCE45A1DD784BA0092FFD8 /* Release */,
			);
			defaultConfigurationIsVisible = 0;
			defaultConfigurationName = Release;
		};
		2ACCE45B1DD784BA0092FFD8 /* Build configuration list for PBXNativeTarget "SnekTests" */ = {
			isa = XCConfigurationList;
			buildConfigurations = (
				2ACCE45C1DD784BA0092FFD8 /* Debug */,
				2ACCE45D1DD784BA0092FFD8 /* Release */,
			);
			defaultConfigurationIsVisible = 0;
			defaultConfigurationName = Release;
		};
/* End XCConfigurationList section */
	};
	rootObject = 2ACCE4331DD784BA0092FFD8 /* Project object */;
}
